
Microsoft Visual Studio Solution File, Format Version 12.00
# Visual Studio Version 17
VisualStudioVersion = 17.9.34728.123
MinimumVisualStudioVersion = 10.0.40219.1
Project("{FAE04EC0-301F-11D3-BF4B-00C04F79EFBC}") = "Turn based combat", "Turn based combat\Turn based combat.csproj", "{BDFD6735-28E4-4F42-A7C4-CD721CCD7309}"
EndProject
Global
	GlobalSection(SolutionConfigurationPlatforms) = preSolution
		Debug|Any CPU = Debug|Any CPU
		Release|Any CPU = Release|Any CPU
	EndGlobalSection
	GlobalSection(ProjectConfigurationPlatforms) = postSolution
		{BDFD6735-28E4-4F42-A7C4-CD721CCD7309}.Debug|Any CPU.ActiveCfg = Debug|Any CPU
		{BDFD6735-28E4-4F42-A7C4-CD721CCD7309}.Debug|Any CPU.Build.0 = Debug|Any CPU
		{BDFD6735-28E4-4F42-A7C4-CD721CCD7309}.Release|Any CPU.ActiveCfg = Release|Any CPU
		{BDFD6735-28E4-4F42-A7C4-CD721CCD7309}.Release|Any CPU.Build.0 = Release|Any CPU
	EndGlobalSection
	GlobalSection(SolutionProperties) = preSolution
		HideSolutionNode = FALSE
	EndGlobalSection
	GlobalSection(ExtensibilityGlobals) = postSolution
		SolutionGuid = {56839D05-5862-4DE4-ACE9-6C7F8E33FAA1}
	EndGlobalSection
EndGlobal
